
Microsoft Visual Studio Solution File, Format Version 12.00
# Visual Studio Version 16
VisualStudioVersion = 16.0.29519.87
MinimumVisualStudioVersion = 10.0.40219.1
Project("{8BC9CEB8-8B4A-11D0-8D11-00A0C91BC942}") = "ryoji-allocators", "ryoji-allocators\ryoji-allocators.vcxproj", "{E87FF7D4-097E-44F4-9C8E-EF6C9B62A7FE}"
EndProject
Project("{8BC9CEB8-8B4A-11D0-8D11-00A0C91BC942}") = "ryoji-math", "ryoji-math\ryoji-math.vcxproj", "{C71E57DD-0742-4BFB-A794-564C0ED5816E}"
EndProject
Global
	GlobalSection(SolutionConfigurationPlatforms) = preSolution
		Debug|x64 = Debug|x64
		Debug|x86 = Debug|x86
		Release|x64 = Release|x64
		Release|x86 = Release|x86
	EndGlobalSection
	GlobalSection(ProjectConfigurationPlatforms) = postSolution
		{E87FF7D4-097E-44F4-9C8E-EF6C9B62A7FE}.Debug|x64.ActiveCfg = Debug|x64
		{E87FF7D4-097E-44F4-9C8E-EF6C9B62A7FE}.Debug|x64.Build.0 = Debug|x64
		{E87FF7D4-097E-44F4-9C8E-EF6C9B62A7FE}.Debug|x86.ActiveCfg = Debug|Win32
		{E87FF7D4-097E-44F4-9C8E-EF6C9B62A7FE}.Debug|x86.Build.0 = Debug|Win32
		{E87FF7D4-097E-44F4-9C8E-EF6C9B62A7FE}.Release|x64.ActiveCfg = Release|x64
		{E87FF7D4-097E-44F4-9C8E-EF6C9B62A7FE}.Release|x64.Build.0 = Release|x64
		{E87FF7D4-097E-44F4-9C8E-EF6C9B62A7FE}.Release|x86.ActiveCfg = Release|Win32
		{E87FF7D4-097E-44F4-9C8E-EF6C9B62A7FE}.Release|x86.Build.0 = Release|Win32
		{C71E57DD-0742-4BFB-A794-564C0ED5816E}.Debug|x64.ActiveCfg = Debug|x64
		{C71E57DD-0742-4BFB-A794-564C0ED5816E}.Debug|x64.Build.0 = Debug|x64
		{C71E57DD-0742-4BFB-A794-564C0ED5816E}.Debug|x86.ActiveCfg = Debug|Win32
		{C71E57DD-0742-4BFB-A794-564C0ED5816E}.Debug|x86.Build.0 = Debug|Win32
		{C71E57DD-0742-4BFB-A794-564C0ED5816E}.Release|x64.ActiveCfg = Release|x64
		{C71E57DD-0742-4BFB-A794-564C0ED5816E}.Release|x64.Build.0 = Release|x64
		{C71E57DD-0742-4BFB-A794-564C0ED5816E}.Release|x86.ActiveCfg = Release|Win32
		{C71E57DD-0742-4BFB-A794-564C0ED5816E}.Release|x86.Build.0 = Release|Win32
	EndGlobalSection
	GlobalSection(SolutionProperties) = preSolution
		HideSolutionNode = FALSE
	EndGlobalSection
	GlobalSection(ExtensibilityGlobals) = postSolution
		SolutionGuid = {51B867E0-C1A8-4F55-A65F-E60EF5D99BF9}
	EndGlobalSection
EndGlobal
