<?xml version="1.0" encoding="utf-8"?>
<Project ToolsVersion="4.0" xmlns="http://schemas.microsoft.com/developer/msbuild/2003">
  <ItemGroup>
    <Filter Include="src">
      <UniqueIdentifier>{4FC737F1-C7A5-4376-A066-2A32D752A2FF}</UniqueIdentifier>
      <Extensions>cpp;c;cc;cxx;def;odl;idl;hpj;bat;asm;asmx</Extensions>
    </Filter>
    <Filter Include="test">
      <UniqueIdentifier>{9b5f124b-d9b0-42e6-a3f2-397e5d70be5b}</UniqueIdentifier>
    </Filter>
    <Filter Include="src\detail">
      <UniqueIdentifier>{e794478b-80c8-4f94-a235-2aceef2fc2f9}</UniqueIdentifier>
    </Filter>
    <Filter Include="include">
      <UniqueIdentifier>{0da3ef38-bb90-47a8-9556-a57811a7a0ee}</UniqueIdentifier>
    </Filter>
  </ItemGroup>
  <ItemGroup>
    <ClCompile Include="test\main.cpp">
      <Filter>test</Filter>
    </ClCompile>
  </ItemGroup>
  <ItemGroup>
    <ClInclude Include="src\utils.h">
      <Filter>src</Filter>
    </ClInclude>
    <ClInclude Include="src\vector.h">
      <Filter>src</Filter>
    </ClInclude>
    <ClInclude Include="src\matrix.h">
      <Filter>src</Filter>
    </ClInclude>
    <ClInclude Include="src\detail\constants.h">
      <Filter>src\detail</Filter>
    </ClInclude>
    <ClInclude Include="include\ryoji-math.h">
      <Filter>include</Filter>
    </ClInclude>
  </ItemGroup>
</Project>