
Microsoft Visual Studio Solution File, Format Version 12.00
# Visual Studio Version 16
VisualStudioVersion = 16.0.29519.87
MinimumVisualStudioVersion = 10.0.40219.1
Project("{8BC9CEB8-8B4A-11D0-8D11-00A0C91BC942}") = "math", "math.vcxproj", "{CC83EFF3-20CD-432B-9B08-0963735A1491}"
EndProject
Global
	GlobalSection(SolutionConfigurationPlatforms) = preSolution
		Debug|x64 = Debug|x64
		Debug|x86 = Debug|x86
		Release|x64 = Release|x64
		Release|x86 = Release|x86
	EndGlobalSection
	GlobalSection(ProjectConfigurationPlatforms) = postSolution
		{CC83EFF3-20CD-432B-9B08-0963735A1491}.Debug|x64.ActiveCfg = Debug|x64
		{CC83EFF3-20CD-432B-9B08-0963735A1491}.Debug|x64.Build.0 = Debug|x64
		{CC83EFF3-20CD-432B-9B08-0963735A1491}.Debug|x86.ActiveCfg = Debug|Win32
		{CC83EFF3-20CD-432B-9B08-0963735A1491}.Debug|x86.Build.0 = Debug|Win32
		{CC83EFF3-20CD-432B-9B08-0963735A1491}.Release|x64.ActiveCfg = Release|x64
		{CC83EFF3-20CD-432B-9B08-0963735A1491}.Release|x64.Build.0 = Release|x64
		{CC83EFF3-20CD-432B-9B08-0963735A1491}.Release|x86.ActiveCfg = Release|Win32
		{CC83EFF3-20CD-432B-9B08-0963735A1491}.Release|x86.Build.0 = Release|Win32
	EndGlobalSection
	GlobalSection(SolutionProperties) = preSolution
		HideSolutionNode = FALSE
	EndGlobalSection
	GlobalSection(ExtensibilityGlobals) = postSolution
		SolutionGuid = {315E12FE-EFDB-47E1-88FC-23B7E8B3AE34}
	EndGlobalSection
EndGlobal
