<?xml version="1.0" encoding="utf-8"?>
<Project ToolsVersion="4.0" xmlns="http://schemas.microsoft.com/developer/msbuild/2003">
  <ItemGroup>
    <Filter Include="src">
      <UniqueIdentifier>{67DA6AB6-F800-4c08-8B7A-83BB121AAD01}</UniqueIdentifier>
      <Extensions>rc;ico;cur;bmp;dlg;rc2;rct;bin;rgs;gif;jpg;jpeg;jpe;resx;tiff;tif;png;wav;mfcribbon-ms</Extensions>
    </Filter>
    <Filter Include="src\allocators">
      <UniqueIdentifier>{b6896719-d7c2-4042-b27b-83dc86bbd339}</UniqueIdentifier>
    </Filter>
    <Filter Include="src\maths">
      <UniqueIdentifier>{2a4437da-5889-4c03-b3d7-7f5e10f12b7a}</UniqueIdentifier>
    </Filter>
    <Filter Include="src\utils">
      <UniqueIdentifier>{01a7df54-bc84-4d0a-91e6-6d8bf2bbf33f}</UniqueIdentifier>
    </Filter>
    <Filter Include="include">
      <UniqueIdentifier>{93995380-89BD-4b04-88EB-625FBE52EBFB}</UniqueIdentifier>
      <Extensions>h;hh;hpp;hxx;hm;inl;inc;ipp;xsd</Extensions>
    </Filter>
    <Filter Include="include\allocators">
      <UniqueIdentifier>{3bbce7f3-84d0-4824-b02c-004a7f76d357}</UniqueIdentifier>
    </Filter>
    <Filter Include="include\maths">
      <UniqueIdentifier>{b1d94f0b-fb7f-41a1-9981-8ab1edfe0c9e}</UniqueIdentifier>
    </Filter>
    <Filter Include="include\utils">
      <UniqueIdentifier>{c9df61df-2102-4d76-9cf1-76b5a2889071}</UniqueIdentifier>
    </Filter>
    <Filter Include="src\allocators\zawarudo">
      <UniqueIdentifier>{b067efbb-8d6e-4ddb-864a-12dfae7a752d}</UniqueIdentifier>
    </Filter>
    <Filter Include="src\maths\zawarudo">
      <UniqueIdentifier>{e00308df-2aa5-4727-ab47-6e27e6707bef}</UniqueIdentifier>
    </Filter>
  </ItemGroup>
  <ItemGroup>
    <ClInclude Include="..\..\include\ryoji\allocators\freelist-allocator.h">
      <Filter>include\allocators</Filter>
    </ClInclude>
    <ClInclude Include="..\..\include\ryoji\allocators\heap-allocator.h">
      <Filter>include\allocators</Filter>
    </ClInclude>
    <ClInclude Include="..\..\include\ryoji\allocators\linear-allocator.h">
      <Filter>include\allocators</Filter>
    </ClInclude>
    <ClInclude Include="..\..\include\ryoji\allocators\local-allocator.h">
      <Filter>include\allocators</Filter>
    </ClInclude>
    <ClInclude Include="..\..\include\ryoji\allocators\log-allocator.h">
      <Filter>include\allocators</Filter>
    </ClInclude>
    <ClInclude Include="..\..\include\ryoji\allocators\null-allocator.h">
      <Filter>include\allocators</Filter>
    </ClInclude>
    <ClInclude Include="..\..\include\ryoji\allocators\segregator-allocator.h">
      <Filter>include\allocators</Filter>
    </ClInclude>
    <ClInclude Include="..\..\include\ryoji\allocators\slab-allocator.h">
      <Filter>include\allocators</Filter>
    </ClInclude>
    <ClInclude Include="..\..\include\ryoji\allocators\stack-allocator.h">
      <Filter>include\allocators</Filter>
    </ClInclude>
    <ClInclude Include="..\..\include\ryoji\allocators\stl-adapter.h">
      <Filter>include\allocators</Filter>
    </ClInclude>
    <ClInclude Include="..\..\include\ryoji\allocators\blk.h">
      <Filter>include\allocators</Filter>
    </ClInclude>
    <ClInclude Include="..\..\include\ryoji\allocators\fallback-allocator.h">
      <Filter>include\allocators</Filter>
    </ClInclude>
    <ClInclude Include="..\..\include\ryoji\maths\utils.h">
      <Filter>include\maths</Filter>
    </ClInclude>
    <ClInclude Include="..\..\include\ryoji\maths\vector.h">
      <Filter>include\maths</Filter>
    </ClInclude>
    <ClInclude Include="..\..\include\ryoji\maths\matrix.h">
      <Filter>include\maths</Filter>
    </ClInclude>
    <ClInclude Include="..\..\include\ryoji\utils\defer.h">
      <Filter>include\utils</Filter>
    </ClInclude>
    <ClInclude Include="..\..\src\allocators\stl-adapter.h">
      <Filter>src\allocators</Filter>
    </ClInclude>
    <ClInclude Include="..\..\src\allocators\allocator-slab.h">
      <Filter>src\allocators</Filter>
    </ClInclude>
    <ClInclude Include="..\..\src\allocators\blk.h">
      <Filter>src\allocators</Filter>
    </ClInclude>
    <ClInclude Include="..\..\src\allocators\fallback-allocator.h">
      <Filter>src\allocators</Filter>
    </ClInclude>
    <ClInclude Include="..\..\src\allocators\freelist-allocator.h">
      <Filter>src\allocators</Filter>
    </ClInclude>
    <ClInclude Include="..\..\src\allocators\heap-allocator.h">
      <Filter>src\allocators</Filter>
    </ClInclude>
    <ClInclude Include="..\..\src\allocators\linear-allocator.h">
      <Filter>src\allocators</Filter>
    </ClInclude>
    <ClInclude Include="..\..\src\allocators\local-allocator.h">
      <Filter>src\allocators</Filter>
    </ClInclude>
    <ClInclude Include="..\..\src\allocators\log-allocator.h">
      <Filter>src\allocators</Filter>
    </ClInclude>
    <ClInclude Include="..\..\src\allocators\null-allocator.h">
      <Filter>src\allocators</Filter>
    </ClInclude>
    <ClInclude Include="..\..\src\allocators\segregator-allocator.h">
      <Filter>src\allocators</Filter>
    </ClInclude>
    <ClInclude Include="..\..\src\allocators\slab-allocator.h">
      <Filter>src\allocators</Filter>
    </ClInclude>
    <ClInclude Include="..\..\src\allocators\stack-allocator.h">
      <Filter>src\allocators</Filter>
    </ClInclude>
    <ClInclude Include="..\..\src\allocators\zawarudo\predef-freelist-strategies.h">
      <Filter>src\allocators\zawarudo</Filter>
    </ClInclude>
    <ClInclude Include="..\..\src\allocators\zawarudo\pointer.h">
      <Filter>src\allocators\zawarudo</Filter>
    </ClInclude>
    <ClInclude Include="..\..\src\maths\matrix.h">
      <Filter>src\maths</Filter>
    </ClInclude>
    <ClInclude Include="..\..\src\maths\utils.h">
      <Filter>src\maths</Filter>
    </ClInclude>
    <ClInclude Include="..\..\src\maths\vector.h">
      <Filter>src\maths</Filter>
    </ClInclude>
    <ClInclude Include="..\..\src\maths\zawarudo\constants.h">
      <Filter>src\maths\zawarudo</Filter>
    </ClInclude>
    <ClInclude Include="..\..\src\utils\defer.h">
      <Filter>src\utils</Filter>
    </ClInclude>
  </ItemGroup>
  <ItemGroup>
    <ClCompile Include="..\..\src\maths\vector.cpp">
      <Filter>src\maths</Filter>
    </ClCompile>
    <ClCompile Include="..\..\src\maths\matrix.cpp">
      <Filter>src\maths</Filter>
    </ClCompile>
  </ItemGroup>
</Project>